
Microsoft Visual Studio Solution File, Format Version 12.00
# Visual Studio Version 16
VisualStudioVersion = 16.0.31205.134
MinimumVisualStudioVersion = 10.0.40219.1
Project("{FAE04EC0-301F-11D3-BF4B-00C04F79EFBC}") = "AbstractClass", "AbstractClass\AbstractClass.csproj", "{EF85E563-0ED6-4771-A6DD-AB6C41CC2D2F}"
EndProject
Global
	GlobalSection(SolutionConfigurationPlatforms) = preSolution
		Debug|Any CPU = Debug|Any CPU
		Release|Any CPU = Release|Any CPU
	EndGlobalSection
	GlobalSection(ProjectConfigurationPlatforms) = postSolution
		{EF85E563-0ED6-4771-A6DD-AB6C41CC2D2F}.Debug|Any CPU.ActiveCfg = Debug|Any CPU
		{EF85E563-0ED6-4771-A6DD-AB6C41CC2D2F}.Debug|Any CPU.Build.0 = Debug|Any CPU
		{EF85E563-0ED6-4771-A6DD-AB6C41CC2D2F}.Release|Any CPU.ActiveCfg = Release|Any CPU
		{EF85E563-0ED6-4771-A6DD-AB6C41CC2D2F}.Release|Any CPU.Build.0 = Release|Any CPU
	EndGlobalSection
	GlobalSection(SolutionProperties) = preSolution
		HideSolutionNode = FALSE
	EndGlobalSection
	GlobalSection(ExtensibilityGlobals) = postSolution
		SolutionGuid = {B094A176-E6B7-4BB3-880D-45B72679E8CA}
	EndGlobalSection
EndGlobal
