
Microsoft Visual Studio Solution File, Format Version 12.00
# Visual Studio Version 16
VisualStudioVersion = 16.0.31205.134
MinimumVisualStudioVersion = 10.0.40219.1
Project("{9A19103F-16F7-4668-BE54-9A1E7A4F7556}") = "AccessSpecifiers1", "AccessSpecifiers1\AccessSpecifiers1.csproj", "{6E0DE009-79BA-496A-BA89-96F78DF7F28E}"
EndProject
Project("{FAE04EC0-301F-11D3-BF4B-00C04F79EFBC}") = "AccessSpecifiers2", "AccessSpecifiers2\AccessSpecifiers2.csproj", "{73E54661-0B1B-4DD7-AB87-4816D4343226}"
EndProject
Global
	GlobalSection(SolutionConfigurationPlatforms) = preSolution
		Debug|Any CPU = Debug|Any CPU
		Release|Any CPU = Release|Any CPU
	EndGlobalSection
	GlobalSection(ProjectConfigurationPlatforms) = postSolution
		{6E0DE009-79BA-496A-BA89-96F78DF7F28E}.Debug|Any CPU.ActiveCfg = Debug|Any CPU
		{6E0DE009-79BA-496A-BA89-96F78DF7F28E}.Debug|Any CPU.Build.0 = Debug|Any CPU
		{6E0DE009-79BA-496A-BA89-96F78DF7F28E}.Release|Any CPU.ActiveCfg = Release|Any CPU
		{6E0DE009-79BA-496A-BA89-96F78DF7F28E}.Release|Any CPU.Build.0 = Release|Any CPU
		{73E54661-0B1B-4DD7-AB87-4816D4343226}.Debug|Any CPU.ActiveCfg = Debug|Any CPU
		{73E54661-0B1B-4DD7-AB87-4816D4343226}.Debug|Any CPU.Build.0 = Debug|Any CPU
		{73E54661-0B1B-4DD7-AB87-4816D4343226}.Release|Any CPU.ActiveCfg = Release|Any CPU
		{73E54661-0B1B-4DD7-AB87-4816D4343226}.Release|Any CPU.Build.0 = Release|Any CPU
	EndGlobalSection
	GlobalSection(SolutionProperties) = preSolution
		HideSolutionNode = FALSE
	EndGlobalSection
	GlobalSection(ExtensibilityGlobals) = postSolution
		SolutionGuid = {CEBD8CD4-A66E-4792-BE81-13130C8D5443}
	EndGlobalSection
EndGlobal
