
Microsoft Visual Studio Solution File, Format Version 12.00
# Visual Studio Version 16
VisualStudioVersion = 16.0.31205.134
MinimumVisualStudioVersion = 10.0.40219.1
Project("{FAE04EC0-301F-11D3-BF4B-00C04F79EFBC}") = "OperatorOverloading", "OperatorOverloading\OperatorOverloading.csproj", "{70DB4CFB-9760-456C-9AC6-0ABF9B2971C9}"
EndProject
Global
	GlobalSection(SolutionConfigurationPlatforms) = preSolution
		Debug|Any CPU = Debug|Any CPU
		Release|Any CPU = Release|Any CPU
	EndGlobalSection
	GlobalSection(ProjectConfigurationPlatforms) = postSolution
		{70DB4CFB-9760-456C-9AC6-0ABF9B2971C9}.Debug|Any CPU.ActiveCfg = Debug|Any CPU
		{70DB4CFB-9760-456C-9AC6-0ABF9B2971C9}.Debug|Any CPU.Build.0 = Debug|Any CPU
		{70DB4CFB-9760-456C-9AC6-0ABF9B2971C9}.Release|Any CPU.ActiveCfg = Release|Any CPU
		{70DB4CFB-9760-456C-9AC6-0ABF9B2971C9}.Release|Any CPU.Build.0 = Release|Any CPU
	EndGlobalSection
	GlobalSection(SolutionProperties) = preSolution
		HideSolutionNode = FALSE
	EndGlobalSection
	GlobalSection(ExtensibilityGlobals) = postSolution
		SolutionGuid = {DBB27065-9E8B-4A52-BC26-CEC502644193}
	EndGlobalSection
EndGlobal
