
Microsoft Visual Studio Solution File, Format Version 12.00
# Visual Studio Version 16
VisualStudioVersion = 16.0.31112.23
MinimumVisualStudioVersion = 10.0.40219.1
Project("{FAE04EC0-301F-11D3-BF4B-00C04F79EFBC}") = "SwitchCase", "SwitchCase\SwitchCase.csproj", "{F462A782-C39E-444B-AD8C-78E8E201925A}"
EndProject
Global
	GlobalSection(SolutionConfigurationPlatforms) = preSolution
		Debug|Any CPU = Debug|Any CPU
		Release|Any CPU = Release|Any CPU
	EndGlobalSection
	GlobalSection(ProjectConfigurationPlatforms) = postSolution
		{F462A782-C39E-444B-AD8C-78E8E201925A}.Debug|Any CPU.ActiveCfg = Debug|Any CPU
		{F462A782-C39E-444B-AD8C-78E8E201925A}.Debug|Any CPU.Build.0 = Debug|Any CPU
		{F462A782-C39E-444B-AD8C-78E8E201925A}.Release|Any CPU.ActiveCfg = Release|Any CPU
		{F462A782-C39E-444B-AD8C-78E8E201925A}.Release|Any CPU.Build.0 = Release|Any CPU
	EndGlobalSection
	GlobalSection(SolutionProperties) = preSolution
		HideSolutionNode = FALSE
	EndGlobalSection
	GlobalSection(ExtensibilityGlobals) = postSolution
		SolutionGuid = {87B19181-3D3B-4419-A71C-B1056547A97D}
	EndGlobalSection
EndGlobal
