
Microsoft Visual Studio Solution File, Format Version 12.00
# Visual Studio Version 16
VisualStudioVersion = 16.0.31112.23
MinimumVisualStudioVersion = 10.0.40219.1
Project("{FAE04EC0-301F-11D3-BF4B-00C04F79EFBC}") = "TernaryOrconditionalOperator", "TernaryOrconditionalOperator\TernaryOrconditionalOperator.csproj", "{33490933-9A89-49EE-9D46-C2F9E4E08581}"
EndProject
Global
	GlobalSection(SolutionConfigurationPlatforms) = preSolution
		Debug|Any CPU = Debug|Any CPU
		Release|Any CPU = Release|Any CPU
	EndGlobalSection
	GlobalSection(ProjectConfigurationPlatforms) = postSolution
		{33490933-9A89-49EE-9D46-C2F9E4E08581}.Debug|Any CPU.ActiveCfg = Debug|Any CPU
		{33490933-9A89-49EE-9D46-C2F9E4E08581}.Debug|Any CPU.Build.0 = Debug|Any CPU
		{33490933-9A89-49EE-9D46-C2F9E4E08581}.Release|Any CPU.ActiveCfg = Release|Any CPU
		{33490933-9A89-49EE-9D46-C2F9E4E08581}.Release|Any CPU.Build.0 = Release|Any CPU
	EndGlobalSection
	GlobalSection(SolutionProperties) = preSolution
		HideSolutionNode = FALSE
	EndGlobalSection
	GlobalSection(ExtensibilityGlobals) = postSolution
		SolutionGuid = {EFD041C6-FE9C-49C5-83B0-B110BD5BF816}
	EndGlobalSection
EndGlobal
