
Microsoft Visual Studio Solution File, Format Version 12.00
# Visual Studio Version 16
VisualStudioVersion = 16.0.31205.134
MinimumVisualStudioVersion = 10.0.40219.1
Project("{FAE04EC0-301F-11D3-BF4B-00C04F79EFBC}") = "Inheritence", "Inheritence\Inheritence.csproj", "{959FF179-C3A7-42CB-B1A6-52F81551F08A}"
EndProject
Global
	GlobalSection(SolutionConfigurationPlatforms) = preSolution
		Debug|Any CPU = Debug|Any CPU
		Release|Any CPU = Release|Any CPU
	EndGlobalSection
	GlobalSection(ProjectConfigurationPlatforms) = postSolution
		{959FF179-C3A7-42CB-B1A6-52F81551F08A}.Debug|Any CPU.ActiveCfg = Debug|Any CPU
		{959FF179-C3A7-42CB-B1A6-52F81551F08A}.Debug|Any CPU.Build.0 = Debug|Any CPU
		{959FF179-C3A7-42CB-B1A6-52F81551F08A}.Release|Any CPU.ActiveCfg = Release|Any CPU
		{959FF179-C3A7-42CB-B1A6-52F81551F08A}.Release|Any CPU.Build.0 = Release|Any CPU
	EndGlobalSection
	GlobalSection(SolutionProperties) = preSolution
		HideSolutionNode = FALSE
	EndGlobalSection
	GlobalSection(ExtensibilityGlobals) = postSolution
		SolutionGuid = {029645FB-C37E-43EF-9A16-87374B7A9B95}
	EndGlobalSection
EndGlobal
