
Microsoft Visual Studio Solution File, Format Version 12.00
# Visual Studio Version 16
VisualStudioVersion = 16.0.31205.134
MinimumVisualStudioVersion = 10.0.40219.1
Project("{FAE04EC0-301F-11D3-BF4B-00C04F79EFBC}") = "SimilaritiesAbstractInterface", "SimilaritiesAbstractInterface\SimilaritiesAbstractInterface.csproj", "{B3622E59-B252-434A-86A2-AC83918949F2}"
EndProject
Global
	GlobalSection(SolutionConfigurationPlatforms) = preSolution
		Debug|Any CPU = Debug|Any CPU
		Release|Any CPU = Release|Any CPU
	EndGlobalSection
	GlobalSection(ProjectConfigurationPlatforms) = postSolution
		{B3622E59-B252-434A-86A2-AC83918949F2}.Debug|Any CPU.ActiveCfg = Debug|Any CPU
		{B3622E59-B252-434A-86A2-AC83918949F2}.Debug|Any CPU.Build.0 = Debug|Any CPU
		{B3622E59-B252-434A-86A2-AC83918949F2}.Release|Any CPU.ActiveCfg = Release|Any CPU
		{B3622E59-B252-434A-86A2-AC83918949F2}.Release|Any CPU.Build.0 = Release|Any CPU
	EndGlobalSection
	GlobalSection(SolutionProperties) = preSolution
		HideSolutionNode = FALSE
	EndGlobalSection
	GlobalSection(ExtensibilityGlobals) = postSolution
		SolutionGuid = {08A94304-997B-498D-A31C-A3DA74117B8A}
	EndGlobalSection
EndGlobal
