
Microsoft Visual Studio Solution File, Format Version 12.00
# Visual Studio Version 16
VisualStudioVersion = 16.0.31205.134
MinimumVisualStudioVersion = 10.0.40219.1
Project("{FAE04EC0-301F-11D3-BF4B-00C04F79EFBC}") = "PrivateConstructor", "PrivateConstructor\PrivateConstructor.csproj", "{AEA418B5-ECDE-4F3D-9D1E-8F49B775A8C4}"
EndProject
Global
	GlobalSection(SolutionConfigurationPlatforms) = preSolution
		Debug|Any CPU = Debug|Any CPU
		Release|Any CPU = Release|Any CPU
	EndGlobalSection
	GlobalSection(ProjectConfigurationPlatforms) = postSolution
		{AEA418B5-ECDE-4F3D-9D1E-8F49B775A8C4}.Debug|Any CPU.ActiveCfg = Debug|Any CPU
		{AEA418B5-ECDE-4F3D-9D1E-8F49B775A8C4}.Debug|Any CPU.Build.0 = Debug|Any CPU
		{AEA418B5-ECDE-4F3D-9D1E-8F49B775A8C4}.Release|Any CPU.ActiveCfg = Release|Any CPU
		{AEA418B5-ECDE-4F3D-9D1E-8F49B775A8C4}.Release|Any CPU.Build.0 = Release|Any CPU
	EndGlobalSection
	GlobalSection(SolutionProperties) = preSolution
		HideSolutionNode = FALSE
	EndGlobalSection
	GlobalSection(ExtensibilityGlobals) = postSolution
		SolutionGuid = {4715BC8C-1825-4BA5-AFFB-556F120696B9}
	EndGlobalSection
EndGlobal
