
Microsoft Visual Studio Solution File, Format Version 12.00
# Visual Studio Version 16
VisualStudioVersion = 16.0.31205.134
MinimumVisualStudioVersion = 10.0.40219.1
Project("{FAE04EC0-301F-11D3-BF4B-00C04F79EFBC}") = "ClassesAndObject", "ClassesAndObject\ClassesAndObject.csproj", "{67CD58DE-0389-40F7-934D-2FB195B4F997}"
EndProject
Global
	GlobalSection(SolutionConfigurationPlatforms) = preSolution
		Debug|Any CPU = Debug|Any CPU
		Release|Any CPU = Release|Any CPU
	EndGlobalSection
	GlobalSection(ProjectConfigurationPlatforms) = postSolution
		{67CD58DE-0389-40F7-934D-2FB195B4F997}.Debug|Any CPU.ActiveCfg = Debug|Any CPU
		{67CD58DE-0389-40F7-934D-2FB195B4F997}.Debug|Any CPU.Build.0 = Debug|Any CPU
		{67CD58DE-0389-40F7-934D-2FB195B4F997}.Release|Any CPU.ActiveCfg = Release|Any CPU
		{67CD58DE-0389-40F7-934D-2FB195B4F997}.Release|Any CPU.Build.0 = Release|Any CPU
	EndGlobalSection
	GlobalSection(SolutionProperties) = preSolution
		HideSolutionNode = FALSE
	EndGlobalSection
	GlobalSection(ExtensibilityGlobals) = postSolution
		SolutionGuid = {17675A8E-E59A-4998-82B6-62783304D50C}
	EndGlobalSection
EndGlobal
