
Microsoft Visual Studio Solution File, Format Version 12.00
# Visual Studio Version 16
VisualStudioVersion = 16.0.31205.134
MinimumVisualStudioVersion = 10.0.40219.1
Project("{FAE04EC0-301F-11D3-BF4B-00C04F79EFBC}") = "Destructor", "Destructor\Destructor.csproj", "{6DD728D5-45A1-48EF-83A4-596200B82F45}"
EndProject
Global
	GlobalSection(SolutionConfigurationPlatforms) = preSolution
		Debug|Any CPU = Debug|Any CPU
		Release|Any CPU = Release|Any CPU
	EndGlobalSection
	GlobalSection(ProjectConfigurationPlatforms) = postSolution
		{6DD728D5-45A1-48EF-83A4-596200B82F45}.Debug|Any CPU.ActiveCfg = Debug|Any CPU
		{6DD728D5-45A1-48EF-83A4-596200B82F45}.Debug|Any CPU.Build.0 = Debug|Any CPU
		{6DD728D5-45A1-48EF-83A4-596200B82F45}.Release|Any CPU.ActiveCfg = Release|Any CPU
		{6DD728D5-45A1-48EF-83A4-596200B82F45}.Release|Any CPU.Build.0 = Release|Any CPU
	EndGlobalSection
	GlobalSection(SolutionProperties) = preSolution
		HideSolutionNode = FALSE
	EndGlobalSection
	GlobalSection(ExtensibilityGlobals) = postSolution
		SolutionGuid = {87F50FE1-A29B-47A7-B67B-09ABDF754309}
	EndGlobalSection
EndGlobal
