
Microsoft Visual Studio Solution File, Format Version 12.00
# Visual Studio Version 16
VisualStudioVersion = 16.0.31205.134
MinimumVisualStudioVersion = 10.0.40219.1
Project("{FAE04EC0-301F-11D3-BF4B-00C04F79EFBC}") = "StaticAndInstanceMembers", "StaticAndInstanceMembers\StaticAndInstanceMembers.csproj", "{E6F2EE94-6071-4744-8A62-F73FB880DC37}"
EndProject
Global
	GlobalSection(SolutionConfigurationPlatforms) = preSolution
		Debug|Any CPU = Debug|Any CPU
		Release|Any CPU = Release|Any CPU
	EndGlobalSection
	GlobalSection(ProjectConfigurationPlatforms) = postSolution
		{E6F2EE94-6071-4744-8A62-F73FB880DC37}.Debug|Any CPU.ActiveCfg = Debug|Any CPU
		{E6F2EE94-6071-4744-8A62-F73FB880DC37}.Debug|Any CPU.Build.0 = Debug|Any CPU
		{E6F2EE94-6071-4744-8A62-F73FB880DC37}.Release|Any CPU.ActiveCfg = Release|Any CPU
		{E6F2EE94-6071-4744-8A62-F73FB880DC37}.Release|Any CPU.Build.0 = Release|Any CPU
	EndGlobalSection
	GlobalSection(SolutionProperties) = preSolution
		HideSolutionNode = FALSE
	EndGlobalSection
	GlobalSection(ExtensibilityGlobals) = postSolution
		SolutionGuid = {74936B8E-257D-439A-B0E7-5BDEBF6DE434}
	EndGlobalSection
EndGlobal
