
Microsoft Visual Studio Solution File, Format Version 12.00
# Visual Studio Version 16
VisualStudioVersion = 16.0.31205.134
MinimumVisualStudioVersion = 10.0.40219.1
Project("{FAE04EC0-301F-11D3-BF4B-00C04F79EFBC}") = "StaticClass", "StaticClass\StaticClass.csproj", "{5CEB847C-1959-4CE7-8D72-39936F5A9C18}"
EndProject
Global
	GlobalSection(SolutionConfigurationPlatforms) = preSolution
		Debug|Any CPU = Debug|Any CPU
		Release|Any CPU = Release|Any CPU
	EndGlobalSection
	GlobalSection(ProjectConfigurationPlatforms) = postSolution
		{5CEB847C-1959-4CE7-8D72-39936F5A9C18}.Debug|Any CPU.ActiveCfg = Debug|Any CPU
		{5CEB847C-1959-4CE7-8D72-39936F5A9C18}.Debug|Any CPU.Build.0 = Debug|Any CPU
		{5CEB847C-1959-4CE7-8D72-39936F5A9C18}.Release|Any CPU.ActiveCfg = Release|Any CPU
		{5CEB847C-1959-4CE7-8D72-39936F5A9C18}.Release|Any CPU.Build.0 = Release|Any CPU
	EndGlobalSection
	GlobalSection(SolutionProperties) = preSolution
		HideSolutionNode = FALSE
	EndGlobalSection
	GlobalSection(ExtensibilityGlobals) = postSolution
		SolutionGuid = {E7DCA90A-245E-4911-9825-64035615F4D9}
	EndGlobalSection
EndGlobal
