
Microsoft Visual Studio Solution File, Format Version 12.00
# Visual Studio Version 16
VisualStudioVersion = 16.0.31205.134
MinimumVisualStudioVersion = 10.0.40219.1
Project("{FAE04EC0-301F-11D3-BF4B-00C04F79EFBC}") = "CopyConstructor", "CopyConstructor\CopyConstructor.csproj", "{A05DCE78-45AB-43A6-AC8C-598640DE3BCF}"
EndProject
Global
	GlobalSection(SolutionConfigurationPlatforms) = preSolution
		Debug|Any CPU = Debug|Any CPU
		Release|Any CPU = Release|Any CPU
	EndGlobalSection
	GlobalSection(ProjectConfigurationPlatforms) = postSolution
		{A05DCE78-45AB-43A6-AC8C-598640DE3BCF}.Debug|Any CPU.ActiveCfg = Debug|Any CPU
		{A05DCE78-45AB-43A6-AC8C-598640DE3BCF}.Debug|Any CPU.Build.0 = Debug|Any CPU
		{A05DCE78-45AB-43A6-AC8C-598640DE3BCF}.Release|Any CPU.ActiveCfg = Release|Any CPU
		{A05DCE78-45AB-43A6-AC8C-598640DE3BCF}.Release|Any CPU.Build.0 = Release|Any CPU
	EndGlobalSection
	GlobalSection(SolutionProperties) = preSolution
		HideSolutionNode = FALSE
	EndGlobalSection
	GlobalSection(ExtensibilityGlobals) = postSolution
		SolutionGuid = {16E41B33-9E87-45F3-9709-A0D06380527A}
	EndGlobalSection
EndGlobal
