
Microsoft Visual Studio Solution File, Format Version 12.00
# Visual Studio Version 16
VisualStudioVersion = 16.0.31205.134
MinimumVisualStudioVersion = 10.0.40219.1
Project("{FAE04EC0-301F-11D3-BF4B-00C04F79EFBC}") = "SealedClass", "SealedClass\SealedClass.csproj", "{777D031B-E29E-4599-8BB4-9063C794BA12}"
EndProject
Global
	GlobalSection(SolutionConfigurationPlatforms) = preSolution
		Debug|Any CPU = Debug|Any CPU
		Release|Any CPU = Release|Any CPU
	EndGlobalSection
	GlobalSection(ProjectConfigurationPlatforms) = postSolution
		{777D031B-E29E-4599-8BB4-9063C794BA12}.Debug|Any CPU.ActiveCfg = Debug|Any CPU
		{777D031B-E29E-4599-8BB4-9063C794BA12}.Debug|Any CPU.Build.0 = Debug|Any CPU
		{777D031B-E29E-4599-8BB4-9063C794BA12}.Release|Any CPU.ActiveCfg = Release|Any CPU
		{777D031B-E29E-4599-8BB4-9063C794BA12}.Release|Any CPU.Build.0 = Release|Any CPU
	EndGlobalSection
	GlobalSection(SolutionProperties) = preSolution
		HideSolutionNode = FALSE
	EndGlobalSection
	GlobalSection(ExtensibilityGlobals) = postSolution
		SolutionGuid = {701BA77D-8B98-4FC1-9626-FF3E0C6C0BB2}
	EndGlobalSection
EndGlobal
